hash: 9371255ba5bfc5ac9f33833482232ca4601266917ef91a4d4065292cf2b7df0e
updated: 2018-08-14T15:23:37.29038+05:30
imports:
- name: github.com/btcsuite/btcd
  version: f899737d7f2764dc13e4d01ff00108ec58f766a9
  subpackages:
  - btcec
- name: github.com/ethereum/go-ethereum
  version: 37685930d953bcbe023f9bc65b135a8d8b8f1488
  subpackages:
  - common
  - common/hexutil
  - common/math
  - core/types
  - crypto
  - crypto/secp256k1
  - crypto/sha3
  - ethclient
  - ethdb
  - log
  - metrics
  - p2p/netutil
  - params
  - rlp
  - rpc
  - trie
- name: github.com/go-stack/stack
  version: 259ab82a6cad3992b4e21ff5cac294ccb06474bc
- name: github.com/golang/snappy
  version: 2e65f85255dbc3072edf28d6b5b8efc472979f5a
- name: github.com/rs/cors
  version: 15587285ef6b6e7a3f657e2e00f9f271883bcf22
- name: github.com/syndtr/goleveldb
  version: c4c61651e9e37fa117f53c5a906d3b63090d8445
  subpackages:
  - leveldb
  - leveldb/cache
  - leveldb/comparer
  - leveldb/errors
  - leveldb/filter
  - leveldb/iterator
  - leveldb/journal
  - leveldb/memdb
  - leveldb/opt
  - leveldb/storage
  - leveldb/table
  - leveldb/util
- name: golang.org/x/net
  version: c39426892332e1bb5ec0a434a079bf82f5d30c54
  subpackages:
  - websocket
- name: gopkg.in/fatih/set.v0
  version: 2c768e3c5489976167bfc42b5c7c92ca783f4389
- name: gopkg.in/karalabe/cookiejar.v2
  version: 8dcd6a7f4951f6ff3ee9cbb919a06d8925822e57
  subpackages:
  - collections/prque
- name: gopkg.in/natefinch/npipe.v2
  version: c1b8fa8bdccecb0b8db834ee0b92fdbcfa606dd6
testImports: []
